{
  "name": "util-regen-analytic",
  "version": "1.0.0",
  "lockfileVersion": 2,
  "requires": true,
  "packages": {
    "": {
      "name": "util-regen-analytic",
      "version": "1.0.0",
      "license": "ISC",
      "dependencies": {
        "kd-tree-javascript": "^1.0.3"
      },
      "devDependencies": {}
    },
    "node_modules/kd-tree-javascript": {
      "version": "1.0.3",
      "resolved": "https://registry.npmjs.org/kd-tree-javascript/-/kd-tree-javascript-1.0.3.tgz",
      "integrity": "sha512-7oSugmaxTCJFqey11rlTSEQD3hGDnRgROMj9MEREvDGV8SlIFwN7x3jJRyFoi+mjO0+4wuSuaDLS1reNQHP7uA=="
    }
  },
  "dependencies": {
    "kd-tree-javascript": {
      "version": "1.0.3",
      "resolved": "https://registry.npmjs.org/kd-tree-javascript/-/kd-tree-javascript-1.0.3.tgz",
      "integrity": "sha512-7oSugmaxTCJFqey11rlTSEQD3hGDnRgROMj9MEREvDGV8SlIFwN7x3jJRyFoi+mjO0+4wuSuaDLS1reNQHP7uA=="
    }
  }
}
